// !$*UTF8*$!
{
	archiveVersion = 1;
	classes = {
	};
	objectVersion = 51;
	objects = {

/* Begin PBXBuildFile section */
		5AC772C4DBBF17B60F4B9479 /* Pods_Example.framework in Frameworks */ = {isa = PBXBuildFile; fileRef = F9B959AAABF630CD442D61C5 /* Pods_Example.framework */; };
		FA0F4559245AAA3A004B9055 /* ViewsSource.swift in Sources */ = {isa = PBXBuildFile; fileRef = FA0F4554245AAA39004B9055 /* ViewsSource.swift */; };
		FA0F455E245AAEEB004B9055 /* SampleView.swift in Sources */ = {isa = PBXBuildFile; fileRef = FA0F455D245AAEEB004B9055 /* SampleView.swift */; };
		FA0F4560245AAEF9004B9055 /* SampleView.xib in Resources */ = {isa = PBXBuildFile; fileRef = FA0F455F245AAEF9004B9055 /* SampleView.xib */; };
		FAC97C8C2465A0B300F9E67E /* HorizontalCardView.swift in Sources */ = {isa = PBXBuildFile; fileRef = FAC97C882465A0B300F9E67E /* HorizontalCardView.swift */; };
		FAC97C8D2465A0B300F9E67E /* HorizontalCardCell.swift in Sources */ = {isa = PBXBuildFile; fileRef = FAC97C892465A0B300F9E67E /* HorizontalCardCell.swift */; };
		FAC97C8E2465A0B300F9E67E /* HorizontalCardCell.xib in Resources */ = {isa = PBXBuildFile; fileRef = FAC97C8A2465A0B300F9E67E /* HorizontalCardCell.xib */; };
		FAC97C8F2465A0B300F9E67E /* HorizontalCardsView.swift in Sources */ = {isa = PBXBuildFile; fileRef = FAC97C8B2465A0B300F9E67E /* HorizontalCardsView.swift */; };
		FAFFAB4524458F88002A64BA /* AppDelegate.swift in Sources */ = {isa = PBXBuildFile; fileRef = FAFFAB4424458F88002A64BA /* AppDelegate.swift */; };
		FAFFAB4924458F88002A64BA /* ViewController.swift in Sources */ = {isa = PBXBuildFile; fileRef = FAFFAB4824458F88002A64BA /* ViewController.swift */; };
		FAFFAB4C24458F88002A64BA /* Main.storyboard in Resources */ = {isa = PBXBuildFile; fileRef = FAFFAB4A24458F88002A64BA /* Main.storyboard */; };
		FAFFAB4E24458F8B002A64BA /* Assets.xcassets in Resources */ = {isa = PBXBuildFile; fileRef = FAFFAB4D24458F8B002A64BA /* Assets.xcassets */; };
		FAFFAB5124458F8B002A64BA /* LaunchScreen.storyboard in Resources */ = {isa = PBXBuildFile; fileRef = FAFFAB4F24458F8B002A64BA /* LaunchScreen.storyboard */; };
/* End PBXBuildFile section */

/* Begin PBXFileReference section */
		239AA89370F4096BAF690A9C /* Pods-TableViewWIthHScrollExample.release.xcconfig */ = {isa = PBXFileReference; includeInIndex = 1; lastKnownFileType = text.xcconfig; name = "Pods-TableViewWIthHScrollExample.release.xcconfig"; path = "Target Support Files/Pods-TableViewWIthHScrollExample/Pods-TableViewWIthHScrollExample.release.xcconfig"; sourceTree = "<group>"; };
		2E5465ACBFA26FDEC94D6004 /* Pods-TableViewWIthHScrollExample.debug.xcconfig */ = {isa = PBXFileReference; includeInIndex = 1; lastKnownFileType = text.xcconfig; name = "Pods-TableViewWIthHScrollExample.debug.xcconfig"; path = "Target Support Files/Pods-TableViewWIthHScrollExample/Pods-TableViewWIthHScrollExample.debug.xcconfig"; sourceTree = "<group>"; };
		51C2C2D25501A2FA6BEF04AD /* Pods-Example.release.xcconfig */ = {isa = PBXFileReference; includeInIndex = 1; lastKnownFileType = text.xcconfig; name = "Pods-Example.release.xcconfig"; path = "Target Support Files/Pods-Example/Pods-Example.release.xcconfig"; sourceTree = "<group>"; };
		B60997CD377A433DA35406E4 /* Pods-Example.debug.xcconfig */ = {isa = PBXFileReference; includeInIndex = 1; lastKnownFileType = text.xcconfig; name = "Pods-Example.debug.xcconfig"; path = "Target Support Files/Pods-Example/Pods-Example.debug.xcconfig"; sourceTree = "<group>"; };
		F9B959AAABF630CD442D61C5 /* Pods_Example.framework */ = {isa = PBXFileReference; explicitFileType = wrapper.framework; includeInIndex = 0; path = Pods_Example.framework; sourceTree = BUILT_PRODUCTS_DIR; };
		FA0F4554245AAA39004B9055 /* ViewsSource.swift */ = {isa = PBXFileReference; fileEncoding = 4; lastKnownFileType = sourcecode.swift; path = ViewsSource.swift; sourceTree = "<group>"; };
		FA0F455D245AAEEB004B9055 /* SampleView.swift */ = {isa = PBXFileReference; lastKnownFileType = sourcecode.swift; path = SampleView.swift; sourceTree = "<group>"; };
		FA0F455F245AAEF9004B9055 /* SampleView.xib */ = {isa = PBXFileReference; lastKnownFileType = file.xib; path = SampleView.xib; sourceTree = "<group>"; };
		FAC97C882465A0B300F9E67E /* HorizontalCardView.swift */ = {isa = PBXFileReference; fileEncoding = 4; lastKnownFileType = sourcecode.swift; path = HorizontalCardView.swift; sourceTree = "<group>"; };
		FAC97C892465A0B300F9E67E /* HorizontalCardCell.swift */ = {isa = PBXFileReference; fileEncoding = 4; lastKnownFileType = sourcecode.swift; path = HorizontalCardCell.swift; sourceTree = "<group>"; };
		FAC97C8A2465A0B300F9E67E /* HorizontalCardCell.xib */ = {isa = PBXFileReference; fileEncoding = 4; lastKnownFileType = file.xib; path = HorizontalCardCell.xib; sourceTree = "<group>"; };
		FAC97C8B2465A0B300F9E67E /* HorizontalCardsView.swift */ = {isa = PBXFileReference; fileEncoding = 4; lastKnownFileType = sourcecode.swift; path = HorizontalCardsView.swift; sourceTree = "<group>"; };
		FAFFAB4124458F88002A64BA /* Example.app */ = {isa = PBXFileReference; explicitFileType = wrapper.application; includeInIndex = 0; path = Example.app; sourceTree = BUILT_PRODUCTS_DIR; };
		FAFFAB4424458F88002A64BA /* AppDelegate.swift */ = {isa = PBXFileReference; lastKnownFileType = sourcecode.swift; path = AppDelegate.swift; sourceTree = "<group>"; };
		FAFFAB4824458F88002A64BA /* ViewController.swift */ = {isa = PBXFileReference; lastKnownFileType = sourcecode.swift; path = ViewController.swift; sourceTree = "<group>"; };
		FAFFAB4B24458F88002A64BA /* Base */ = {isa = PBXFileReference; lastKnownFileType = file.storyboard; name = Base; path = Base.lproj/Main.storyboard; sourceTree = "<group>"; };
		FAFFAB4D24458F8B002A64BA /* Assets.xcassets */ = {isa = PBXFileReference; lastKnownFileType = folder.assetcatalog; path = Assets.xcassets; sourceTree = "<group>"; };
		FAFFAB5024458F8B002A64BA /* Base */ = {isa = PBXFileReference; lastKnownFileType = file.storyboard; name = Base; path = Base.lproj/LaunchScreen.storyboard; sourceTree = "<group>"; };
		FAFFAB5224458F8B002A64BA /* Info.plist */ = {isa = PBXFileReference; lastKnownFileType = text.plist.xml; path = Info.plist; sourceTree = "<group>"; };
/* End PBXFileReference section */

/* Begin PBXFrameworksBuildPhase section */
		FAFFAB3E24458F88002A64BA /* Frameworks */ = {
			isa = PBXFrameworksBuildPhase;
			buildActionMask = 2147483647;
			files = (
				5AC772C4DBBF17B60F4B9479 /* Pods_Example.framework in Frameworks */,
			);
			runOnlyForDeploymentPostprocessing = 0;
		};
/* End PBXFrameworksBuildPhase section */

/* Begin PBXGroup section */
		A98E50C022241376B46BF012 /* Pods */ = {
			isa = PBXGroup;
			children = (
				2E5465ACBFA26FDEC94D6004 /* Pods-TableViewWIthHScrollExample.debug.xcconfig */,
				239AA89370F4096BAF690A9C /* Pods-TableViewWIthHScrollExample.release.xcconfig */,
				B60997CD377A433DA35406E4 /* Pods-Example.debug.xcconfig */,
				51C2C2D25501A2FA6BEF04AD /* Pods-Example.release.xcconfig */,
			);
			path = Pods;
			sourceTree = "<group>";
		};
		B663DEC07C4077E6EC04156B /* Frameworks */ = {
			isa = PBXGroup;
			children = (
				F9B959AAABF630CD442D61C5 /* Pods_Example.framework */,
			);
			name = Frameworks;
			sourceTree = "<group>";
		};
		FAC97C862465A0B300F9E67E /* HorizontalCardsView */ = {
			isa = PBXGroup;
			children = (
				FAC97C872465A0B300F9E67E /* Classes */,
			);
			name = HorizontalCardsView;
			path = ../HorizontalCardsView;
			sourceTree = "<group>";
		};
		FAC97C872465A0B300F9E67E /* Classes */ = {
			isa = PBXGroup;
			children = (
				FAC97C882465A0B300F9E67E /* HorizontalCardView.swift */,
				FAC97C892465A0B300F9E67E /* HorizontalCardCell.swift */,
				FAC97C8A2465A0B300F9E67E /* HorizontalCardCell.xib */,
				FAC97C8B2465A0B300F9E67E /* HorizontalCardsView.swift */,
			);
			path = Classes;
			sourceTree = "<group>";
		};
		FAFFAB3824458F88002A64BA = {
			isa = PBXGroup;
			children = (
				FAC97C862465A0B300F9E67E /* HorizontalCardsView */,
				FAFFAB4324458F88002A64BA /* Example */,
				FAFFAB4224458F88002A64BA /* Products */,
				A98E50C022241376B46BF012 /* Pods */,
				B663DEC07C4077E6EC04156B /* Frameworks */,
			);
			sourceTree = "<group>";
		};
		FAFFAB4224458F88002A64BA /* Products */ = {
			isa = PBXGroup;
			children = (
				FAFFAB4124458F88002A64BA /* Example.app */,
			);
			name = Products;
			sourceTree = "<group>";
		};
		FAFFAB4324458F88002A64BA /* Example */ = {
			isa = PBXGroup;
			children = (
				FA0F455D245AAEEB004B9055 /* SampleView.swift */,
				FA0F455F245AAEF9004B9055 /* SampleView.xib */,
				FA0F4554245AAA39004B9055 /* ViewsSource.swift */,
				FAFFAB4824458F88002A64BA /* ViewController.swift */,
				FAFFAB4A24458F88002A64BA /* Main.storyboard */,
				FAFFAB4424458F88002A64BA /* AppDelegate.swift */,
				FAFFAB4D24458F8B002A64BA /* Assets.xcassets */,
				FAFFAB4F24458F8B002A64BA /* LaunchScreen.storyboard */,
				FAFFAB5224458F8B002A64BA /* Info.plist */,
			);
			path = Example;
			sourceTree = "<group>";
		};
/* End PBXGroup section */

/* Begin PBXNativeTarget section */
		FAFFAB4024458F88002A64BA /* Example */ = {
			isa = PBXNativeTarget;
			buildConfigurationList = FAFFAB5524458F8B002A64BA /* Build configuration list for PBXNativeTarget "Example" */;
			buildPhases = (
				8D9D1399D822D2D048506ECD /* [CP] Check Pods Manifest.lock */,
				FAFFAB3D24458F88002A64BA /* Sources */,
				FAFFAB3E24458F88002A64BA /* Frameworks */,
				FAFFAB3F24458F88002A64BA /* Resources */,
				C9CA88E9ADE504F2E2B14F2E /* [CP] Embed Pods Frameworks */,
			);
			buildRules = (
			);
			dependencies = (
			);
			name = Example;
			productName = TableViewWIthHScrollExample;
			productReference = FAFFAB4124458F88002A64BA /* Example.app */;
			productType = "com.apple.product-type.application";
		};
/* End PBXNativeTarget section */

/* Begin PBXProject section */
		FAFFAB3924458F88002A64BA /* Project object */ = {
			isa = PBXProject;
			attributes = {
				LastSwiftUpdateCheck = 1110;
				LastUpgradeCheck = 1110;
				ORGANIZATIONNAME = "Alex Smetannikov";
				TargetAttributes = {
					FAFFAB4024458F88002A64BA = {
						CreatedOnToolsVersion = 11.1;
					};
				};
			};
			buildConfigurationList = FAFFAB3C24458F88002A64BA /* Build configuration list for PBXProject "Example" */;
			compatibilityVersion = "Xcode 9.3";
			developmentRegion = en;
			hasScannedForEncodings = 0;
			knownRegions = (
				en,
				Base,
			);
			mainGroup = FAFFAB3824458F88002A64BA;
			productRefGroup = FAFFAB4224458F88002A64BA /* Products */;
			projectDirPath = "";
			projectRoot = "";
			targets = (
				FAFFAB4024458F88002A64BA /* Example */,
			);
		};
/* End PBXProject section */

/* Begin PBXResourcesBuildPhase section */
		FAFFAB3F24458F88002A64BA /* Resources */ = {
			isa = PBXResourcesBuildPhase;
			buildActionMask = 2147483647;
			files = (
				FAFFAB5124458F8B002A64BA /* LaunchScreen.storyboard in Resources */,
				FA0F4560245AAEF9004B9055 /* SampleView.xib in Resources */,
				FAFFAB4E24458F8B002A64BA /* Assets.xcassets in Resources */,
				FAFFAB4C24458F88002A64BA /* Main.storyboard in Resources */,
				FAC97C8E2465A0B300F9E67E /* HorizontalCardCell.xib in Resources */,
			);
			runOnlyForDeploymentPostprocessing = 0;
		};
/* End PBXResourcesBuildPhase section */

/* Begin PBXShellScriptBuildPhase section */
		8D9D1399D822D2D048506ECD /* [CP] Check Pods Manifest.lock */ = {
			isa = PBXShellScriptBuildPhase;
			buildActionMask = 2147483647;
			files = (
			);
			inputFileListPaths = (
			);
			inputPaths = (
				"${PODS_PODFILE_DIR_PATH}/Podfile.lock",
				"${PODS_ROOT}/Manifest.lock",
			);
			name = "[CP] Check Pods Manifest.lock";
			outputFileListPaths = (
			);
			outputPaths = (
				"$(DERIVED_FILE_DIR)/Pods-Example-checkManifestLockResult.txt",
			);
			runOnlyForDeploymentPostprocessing = 0;
			shellPath = /bin/sh;
			shellScript = "diff \"${PODS_PODFILE_DIR_PATH}/Podfile.lock\" \"${PODS_ROOT}/Manifest.lock\" > /dev/null\nif [ $? != 0 ] ; then\n    # print error to STDERR\n    echo \"error: The sandbox is not in sync with the Podfile.lock. Run 'pod install' or update your CocoaPods installation.\" >&2\n    exit 1\nfi\n# This output is used by Xcode 'outputs' to avoid re-running this script phase.\necho \"SUCCESS\" > \"${SCRIPT_OUTPUT_FILE_0}\"\n";
			showEnvVarsInLog = 0;
		};
		C9CA88E9ADE504F2E2B14F2E /* [CP] Embed Pods Frameworks */ = {
			isa = PBXShellScriptBuildPhase;
			buildActionMask = 2147483647;
			files = (
			);
			inputFileListPaths = (
				"${PODS_ROOT}/Target Support Files/Pods-Example/Pods-Example-frameworks-${CONFIGURATION}-input-files.xcfilelist",
			);
			name = "[CP] Embed Pods Frameworks";
			outputFileListPaths = (
				"${PODS_ROOT}/Target Support Files/Pods-Example/Pods-Example-frameworks-${CONFIGURATION}-output-files.xcfilelist",
			);
			runOnlyForDeploymentPostprocessing = 0;
			shellPath = /bin/sh;
			shellScript = "\"${PODS_ROOT}/Target Support Files/Pods-Example/Pods-Example-frameworks.sh\"\n";
			showEnvVarsInLog = 0;
		};
/* End PBXShellScriptBuildPhase section */

/* Begin PBXSourcesBuildPhase section */
		FAFFAB3D24458F88002A64BA /* Sources */ = {
			isa = PBXSourcesBuildPhase;
			buildActionMask = 2147483647;
			files = (
				FAC97C8F2465A0B300F9E67E /* HorizontalCardsView.swift in Sources */,
				FAFFAB4924458F88002A64BA /* ViewController.swift in Sources */,
				FAC97C8C2465A0B300F9E67E /* HorizontalCardView.swift in Sources */,
				FAFFAB4524458F88002A64BA /* AppDelegate.swift in Sources */,
				FAC97C8D2465A0B300F9E67E /* HorizontalCardCell.swift in Sources */,
				FA0F455E245AAEEB004B9055 /* SampleView.swift in Sources */,
				FA0F4559245AAA3A004B9055 /* ViewsSource.swift in Sources */,
			);
			runOnlyForDeploymentPostprocessing = 0;
		};
/* End PBXSourcesBuildPhase section */

/* Begin PBXVariantGroup section */
		FAFFAB4A24458F88002A64BA /* Main.storyboard */ = {
			isa = PBXVariantGroup;
			children = (
				FAFFAB4B24458F88002A64BA /* Base */,
			);
			name = Main.storyboard;
			sourceTree = "<group>";
		};
		FAFFAB4F24458F8B002A64BA /* LaunchScreen.storyboard */ = {
			isa = PBXVariantGroup;
			children = (
				FAFFAB5024458F8B002A64BA /* Base */,
			);
			name = LaunchScreen.storyboard;
			sourceTree = "<group>";
		};
/* End PBXVariantGroup section */

/* Begin XCBuildConfiguration section */
		FAFFAB5324458F8B002A64BA /* Debug */ = {
			isa = XCBuildConfiguration;
			buildSettings = {
				ALWAYS_SEARCH_USER_PATHS = NO;
				CLANG_ANALYZER_NONNULL = YES;
				CLANG_ANALYZER_NUMBER_OBJECT_CONVERSION = YES_AGGRESSIVE;
				CLANG_CXX_LANGUAGE_STANDARD = "gnu++14";
				CLANG_CXX_LIBRARY = "libc++";
				CLANG_ENABLE_MODULES = YES;
				CLANG_ENABLE_OBJC_ARC = YES;
				CLANG_ENABLE_OBJC_WEAK = YES;
				CLANG_WARN_BLOCK_CAPTURE_AUTORELEASING = YES;
				CLANG_WARN_BOOL_CONVERSION = YES;
				CLANG_WARN_COMMA = YES;
				CLANG_WARN_CONSTANT_CONVERSION = YES;
				CLANG_WARN_DEPRECATED_OBJC_IMPLEMENTATIONS = YES;
				CLANG_WARN_DIRECT_OBJC_ISA_USAGE = YES_ERROR;
				CLANG_WARN_DOCUMENTATION_COMMENTS = YES;
				CLANG_WARN_EMPTY_BODY = YES;
				CLANG_WARN_ENUM_CONVERSION = YES;
				CLANG_WARN_INFINITE_RECURSION = YES;
				CLANG_WARN_INT_CONVERSION = YES;
				CLANG_WARN_NON_LITERAL_NULL_CONVERSION = YES;
				CLANG_WARN_OBJC_IMPLICIT_RETAIN_SELF = YES;
				CLANG_WARN_OBJC_LITERAL_CONVERSION = YES;
				CLANG_WARN_OBJC_ROOT_CLASS = YES_ERROR;
				CLANG_WARN_RANGE_LOOP_ANALYSIS = YES;
				CLANG_WARN_STRICT_PROTOTYPES = YES;
				CLANG_WARN_SUSPICIOUS_MOVE = YES;
				CLANG_WARN_UNGUARDED_AVAILABILITY = YES_AGGRESSIVE;
				CLANG_WARN_UNREACHABLE_CODE = YES;
				CLANG_WARN__DUPLICATE_METHOD_MATCH = YES;
				COPY_PHASE_STRIP = NO;
				DEBUG_INFORMATION_FORMAT = dwarf;
				ENABLE_STRICT_OBJC_MSGSEND = YES;
				ENABLE_TESTABILITY = YES;
				GCC_C_LANGUAGE_STANDARD = gnu11;
				GCC_DYNAMIC_NO_PIC = NO;
				GCC_NO_COMMON_BLOCKS = YES;
				GCC_OPTIMIZATION_LEVEL = 0;
				GCC_PREPROCESSOR_DEFINITIONS = (
					"DEBUG=1",
					"$(inherited)",
				);
				GCC_WARN_64_TO_32_BIT_CONVERSION = YES;
				GCC_WARN_ABOUT_RETURN_TYPE = YES_ERROR;
				GCC_WARN_UNDECLARED_SELECTOR = YES;
				GCC_WARN_UNINITIALIZED_AUTOS = YES_AGGRESSIVE;
				GCC_WARN_UNUSED_FUNCTION = YES;
				GCC_WARN_UNUSED_VARIABLE = YES;
				IPHONEOS_DEPLOYMENT_TARGET = 13.1;
				MTL_ENABLE_DEBUG_INFO = INCLUDE_SOURCE;
				MTL_FAST_MATH = YES;
				ONLY_ACTIVE_ARCH = YES;
				SDKROOT = iphoneos;
				SWIFT_ACTIVE_COMPILATION_CONDITIONS = DEBUG;
				SWIFT_OPTIMIZATION_LEVEL = "-Onone";
			};
			name = Debug;
		};
		FAFFAB5424458F8B002A64BA /* Release */ = {
			isa = XCBuildConfiguration;
			buildSettings = {
				ALWAYS_SEARCH_USER_PATHS = NO;
				CLANG_ANALYZER_NONNULL = YES;
				CLANG_ANALYZER_NUMBER_OBJECT_CONVERSION = YES_AGGRESSIVE;
				CLANG_CXX_LANGUAGE_STANDARD = "gnu++14";
				CLANG_CXX_LIBRARY = "libc++";
				CLANG_ENABLE_MODULES = YES;
				CLANG_ENABLE_OBJC_ARC = YES;
				CLANG_ENABLE_OBJC_WEAK = YES;
				CLANG_WARN_BLOCK_CAPTURE_AUTORELEASING = YES;
				CLANG_WARN_BOOL_CONVERSION = YES;
				CLANG_WARN_COMMA = YES;
				CLANG_WARN_CONSTANT_CONVERSION = YES;
				CLANG_WARN_DEPRECATED_OBJC_IMPLEMENTATIONS = YES;
				CLANG_WARN_DIRECT_OBJC_ISA_USAGE = YES_ERROR;
				CLANG_WARN_DOCUMENTATION_COMMENTS = YES;
				CLANG_WARN_EMPTY_BODY = YES;
				CLANG_WARN_ENUM_CONVERSION = YES;
				CLANG_WARN_INFINITE_RECURSION = YES;
				CLANG_WARN_INT_CONVERSION = YES;
				CLANG_WARN_NON_LITERAL_NULL_CONVERSION = YES;
				CLANG_WARN_OBJC_IMPLICIT_RETAIN_SELF = YES;
				CLANG_WARN_OBJC_LITERAL_CONVERSION = YES;
				CLANG_WARN_OBJC_ROOT_CLASS = YES_ERROR;
				CLANG_WARN_RANGE_LOOP_ANALYSIS = YES;
				CLANG_WARN_STRICT_PROTOTYPES = YES;
				CLANG_WARN_SUSPICIOUS_MOVE = YES;
				CLANG_WARN_UNGUARDED_AVAILABILITY = YES_AGGRESSIVE;
				CLANG_WARN_UNREACHABLE_CODE = YES;
				CLANG_WARN__DUPLICATE_METHOD_MATCH = YES;
				COPY_PHASE_STRIP = NO;
				DEBUG_INFORMATION_FORMAT = "dwarf-with-dsym";
				ENABLE_NS_ASSERTIONS = NO;
				ENABLE_STRICT_OBJC_MSGSEND = YES;
				GCC_C_LANGUAGE_STANDARD = gnu11;
				GCC_NO_COMMON_BLOCKS = YES;
				GCC_WARN_64_TO_32_BIT_CONVERSION = YES;
				GCC_WARN_ABOUT_RETURN_TYPE = YES_ERROR;
				GCC_WARN_UNDECLARED_SELECTOR = YES;
				GCC_WARN_UNINITIALIZED_AUTOS = YES_AGGRESSIVE;
				GCC_WARN_UNUSED_FUNCTION = YES;
				GCC_WARN_UNUSED_VARIABLE = YES;
				IPHONEOS_DEPLOYMENT_TARGET = 13.1;
				MTL_ENABLE_DEBUG_INFO = NO;
				MTL_FAST_MATH = YES;
				SDKROOT = iphoneos;
				SWIFT_COMPILATION_MODE = wholemodule;
				SWIFT_OPTIMIZATION_LEVEL = "-O";
				VALIDATE_PRODUCT = YES;
			};
			name = Release;
		};
		FAFFAB5624458F8B002A64BA /* Debug */ = {
			isa = XCBuildConfiguration;
			baseConfigurationReference = B60997CD377A433DA35406E4 /* Pods-Example.debug.xcconfig */;
			buildSettings = {
				ASSETCATALOG_COMPILER_APPICON_NAME = AppIcon;
				CODE_SIGN_STYLE = Automatic;
				INFOPLIST_FILE = "$(SRCROOT)/Example/Info.plist";
				IPHONEOS_DEPLOYMENT_TARGET = 10.1;
				LD_RUNPATH_SEARCH_PATHS = (
					"$(inherited)",
					"@executable_path/Frameworks",
				);
				PRODUCT_BUNDLE_IDENTIFIER = some.Example;
				PRODUCT_NAME = "$(TARGET_NAME)";
				SWIFT_VERSION = 5.0;
				TARGETED_DEVICE_FAMILY = "1,2";
			};
			name = Debug;
		};
		FAFFAB5724458F8B002A64BA /* Release */ = {
			isa = XCBuildConfiguration;
			baseConfigurationReference = 51C2C2D25501A2FA6BEF04AD /* Pods-Example.release.xcconfig */;
			buildSettings = {
				ASSETCATALOG_COMPILER_APPICON_NAME = AppIcon;
				CODE_SIGN_STYLE = Automatic;
				INFOPLIST_FILE = "$(SRCROOT)/Example/Info.plist";
				IPHONEOS_DEPLOYMENT_TARGET = 10.1;
				LD_RUNPATH_SEARCH_PATHS = (
					"$(inherited)",
					"@executable_path/Frameworks",
				);
				PRODUCT_BUNDLE_IDENTIFIER = some.Example;
				PRODUCT_NAME = "$(TARGET_NAME)";
				SWIFT_VERSION = 5.0;
				TARGETED_DEVICE_FAMILY = "1,2";
			};
			name = Release;
		};
/* End XCBuildConfiguration section */

/* Begin XCConfigurationList section */
		FAFFAB3C24458F88002A64BA /* Build configuration list for PBXProject "Example" */ = {
			isa = XCConfigurationList;
			buildConfigurations = (
				FAFFAB5324458F8B002A64BA /* Debug */,
				FAFFAB5424458F8B002A64BA /* Release */,
			);
			defaultConfigurationIsVisible = 0;
			defaultConfigurationName = Release;
		};
		FAFFAB5524458F8B002A64BA /* Build configuration list for PBXNativeTarget "Example" */ = {
			isa = XCConfigurationList;
			buildConfigurations = (
				FAFFAB5624458F8B002A64BA /* Debug */,
				FAFFAB5724458F8B002A64BA /* Release */,
			);
			defaultConfigurationIsVisible = 0;
			defaultConfigurationName = Release;
		};
/* End XCConfigurationList section */
	};
	rootObject = FAFFAB3924458F88002A64BA /* Project object */;
}
